
Microsoft Visual Studio Solution File, Format Version 12.00
# Visual Studio Version 17
VisualStudioVersion = 17.4.33110.190
MinimumVisualStudioVersion = 10.0.40219.1
Project("{FAE04EC0-301F-11D3-BF4B-00C04F79EFBC}") = "Picture view atividade ava", "Picture view atividade ava\Picture view atividade ava.csproj", "{7A40F650-5676-4A40-8A4D-E87CFE9F94BC}"
EndProject
Global
	GlobalSection(SolutionConfigurationPlatforms) = preSolution
		Debug|Any CPU = Debug|Any CPU
		Release|Any CPU = Release|Any CPU
	EndGlobalSection
	GlobalSection(ProjectConfigurationPlatforms) = postSolution
		{7A40F650-5676-4A40-8A4D-E87CFE9F94BC}.Debug|Any CPU.ActiveCfg = Debug|Any CPU
		{7A40F650-5676-4A40-8A4D-E87CFE9F94BC}.Debug|Any CPU.Build.0 = Debug|Any CPU
		{7A40F650-5676-4A40-8A4D-E87CFE9F94BC}.Release|Any CPU.ActiveCfg = Release|Any CPU
		{7A40F650-5676-4A40-8A4D-E87CFE9F94BC}.Release|Any CPU.Build.0 = Release|Any CPU
	EndGlobalSection
	GlobalSection(SolutionProperties) = preSolution
		HideSolutionNode = FALSE
	EndGlobalSection
	GlobalSection(ExtensibilityGlobals) = postSolution
		SolutionGuid = {79F16A5E-9C5B-4A04-85F5-FF36073024F4}
	EndGlobalSection
EndGlobal
